
Microsoft Visual Studio Solution File, Format Version 12.00
# Visual Studio 15
VisualStudioVersion = 15.0.28307.645
MinimumVisualStudioVersion = 10.0.40219.1
Project("{9A19103F-16F7-4668-BE54-9A1E7A4F7556}") = "TR20.Loyalty.APIService", "TR20.Loyalty.APIService.csproj", "{CDC9C071-49BE-4819-AC0F-BC9E90E4F8DD}"
EndProject
Project("{9A19103F-16F7-4668-BE54-9A1E7A4F7556}") = "TR20.Loyalty.ServiceProxy", "..\TR20.Loyalty.ServiceProxy\TR20.Loyalty.ServiceProxy.csproj", "{BA3FF491-74A7-4D65-A402-B3B7F605B7C6}"
EndProject
Global
	GlobalSection(SolutionConfigurationPlatforms) = preSolution
		Debug|Any CPU = Debug|Any CPU
		Release|Any CPU = Release|Any CPU
	EndGlobalSection
	GlobalSection(ProjectConfigurationPlatforms) = postSolution
		{CDC9C071-49BE-4819-AC0F-BC9E90E4F8DD}.Debug|Any CPU.ActiveCfg = Debug|Any CPU
		{CDC9C071-49BE-4819-AC0F-BC9E90E4F8DD}.Debug|Any CPU.Build.0 = Debug|Any CPU
		{CDC9C071-49BE-4819-AC0F-BC9E90E4F8DD}.Release|Any CPU.ActiveCfg = Release|Any CPU
		{CDC9C071-49BE-4819-AC0F-BC9E90E4F8DD}.Release|Any CPU.Build.0 = Release|Any CPU
		{BA3FF491-74A7-4D65-A402-B3B7F605B7C6}.Debug|Any CPU.ActiveCfg = Debug|Any CPU
		{BA3FF491-74A7-4D65-A402-B3B7F605B7C6}.Debug|Any CPU.Build.0 = Debug|Any CPU
		{BA3FF491-74A7-4D65-A402-B3B7F605B7C6}.Release|Any CPU.ActiveCfg = Release|Any CPU
		{BA3FF491-74A7-4D65-A402-B3B7F605B7C6}.Release|Any CPU.Build.0 = Release|Any CPU
	EndGlobalSection
	GlobalSection(SolutionProperties) = preSolution
		HideSolutionNode = FALSE
	EndGlobalSection
	GlobalSection(ExtensibilityGlobals) = postSolution
		SolutionGuid = {C83604E5-C915-4A8B-9997-0FD9EED05F1F}
	EndGlobalSection
EndGlobal
