
Microsoft Visual Studio Solution File, Format Version 12.00
# Visual Studio 15
VisualStudioVersion = 15.0.28307.645
MinimumVisualStudioVersion = 10.0.40219.1
Project("{9A19103F-16F7-4668-BE54-9A1E7A4F7556}") = "TxIndexer.Lib", "TxIndexer.Lib\TxIndexer.Lib.csproj", "{EC84EEDD-1554-4179-8556-9592D487B39D}"
EndProject
Project("{9A19103F-16F7-4668-BE54-9A1E7A4F7556}") = "TxIndexer.Host", "TxIndexer.Host\TxIndexer.Host.csproj", "{9902E663-D352-4ADC-819A-C35AE191B261}"
EndProject
Project("{9A19103F-16F7-4668-BE54-9A1E7A4F7556}") = "TxIndexer.Test", "TxIndexer.Test\TxIndexer.Test.csproj", "{5B481E49-409D-43BA-93FD-F7AAF29E1A0F}"
EndProject
Project("{9A19103F-16F7-4668-BE54-9A1E7A4F7556}") = "TR20.Loyalty.OffChainRepository.Mongo", "..\TR20.Loyalty.OffChainRepository.Mongo\TR20.Loyalty.OffChainRepository.Mongo.csproj", "{1838AC76-E00C-46CB-BF38-752D01C0DC0F}"
EndProject
Global
	GlobalSection(SolutionConfigurationPlatforms) = preSolution
		Debug|Any CPU = Debug|Any CPU
		Release|Any CPU = Release|Any CPU
	EndGlobalSection
	GlobalSection(ProjectConfigurationPlatforms) = postSolution
		{EC84EEDD-1554-4179-8556-9592D487B39D}.Debug|Any CPU.ActiveCfg = Debug|Any CPU
		{EC84EEDD-1554-4179-8556-9592D487B39D}.Debug|Any CPU.Build.0 = Debug|Any CPU
		{EC84EEDD-1554-4179-8556-9592D487B39D}.Release|Any CPU.ActiveCfg = Release|Any CPU
		{EC84EEDD-1554-4179-8556-9592D487B39D}.Release|Any CPU.Build.0 = Release|Any CPU
		{9902E663-D352-4ADC-819A-C35AE191B261}.Debug|Any CPU.ActiveCfg = Debug|Any CPU
		{9902E663-D352-4ADC-819A-C35AE191B261}.Debug|Any CPU.Build.0 = Debug|Any CPU
		{9902E663-D352-4ADC-819A-C35AE191B261}.Release|Any CPU.ActiveCfg = Release|Any CPU
		{9902E663-D352-4ADC-819A-C35AE191B261}.Release|Any CPU.Build.0 = Release|Any CPU
		{5B481E49-409D-43BA-93FD-F7AAF29E1A0F}.Debug|Any CPU.ActiveCfg = Debug|Any CPU
		{5B481E49-409D-43BA-93FD-F7AAF29E1A0F}.Debug|Any CPU.Build.0 = Debug|Any CPU
		{5B481E49-409D-43BA-93FD-F7AAF29E1A0F}.Release|Any CPU.ActiveCfg = Release|Any CPU
		{5B481E49-409D-43BA-93FD-F7AAF29E1A0F}.Release|Any CPU.Build.0 = Release|Any CPU
		{1838AC76-E00C-46CB-BF38-752D01C0DC0F}.Debug|Any CPU.ActiveCfg = Debug|Any CPU
		{1838AC76-E00C-46CB-BF38-752D01C0DC0F}.Debug|Any CPU.Build.0 = Debug|Any CPU
		{1838AC76-E00C-46CB-BF38-752D01C0DC0F}.Release|Any CPU.ActiveCfg = Release|Any CPU
		{1838AC76-E00C-46CB-BF38-752D01C0DC0F}.Release|Any CPU.Build.0 = Release|Any CPU
	EndGlobalSection
	GlobalSection(SolutionProperties) = preSolution
		HideSolutionNode = FALSE
	EndGlobalSection
	GlobalSection(ExtensibilityGlobals) = postSolution
		SolutionGuid = {0C72D9E3-7846-4BA8-9474-C854C05C1C34}
	EndGlobalSection
EndGlobal
