
Microsoft Visual Studio Solution File, Format Version 12.00
# Visual Studio 15
VisualStudioVersion = 15.0.28307.645
MinimumVisualStudioVersion = 10.0.40219.1
Project("{9A19103F-16F7-4668-BE54-9A1E7A4F7556}") = "LedgerClient.Lib", "LedgerClient.Lib\LedgerClient.Lib.csproj", "{A72C0FCD-E7CC-48E3-85CC-45C8098C52DE}"
EndProject
Project("{9A19103F-16F7-4668-BE54-9A1E7A4F7556}") = "LedgerClient.Host", "LedgerClient.Host\LedgerClient.Host.csproj", "{9D26C422-3CA9-477F-828A-EA0ECBC71463}"
EndProject
Project("{9A19103F-16F7-4668-BE54-9A1E7A4F7556}") = "LedgerClient.Test", "LedgerClient.Test\LedgerClient.Test.csproj", "{EDC3AC38-44DE-41E7-A7A1-EC5AB5AF5B69}"
EndProject
Project("{9A19103F-16F7-4668-BE54-9A1E7A4F7556}") = "TR20.Loyalty.ServiceProxy", "..\TR20.Loyalty.ServiceProxy\TR20.Loyalty.ServiceProxy.csproj", "{2518242A-E8E7-444F-B2D3-13FAB08AA4E8}"
EndProject
Project("{9A19103F-16F7-4668-BE54-9A1E7A4F7556}") = "TR20.Loyalty.OffChainRepository.Mongo", "..\TR20.Loyalty.OffChainRepository.Mongo\TR20.Loyalty.OffChainRepository.Mongo.csproj", "{8545214D-C18B-4514-A880-EE249C07CED0}"
EndProject
Global
	GlobalSection(SolutionConfigurationPlatforms) = preSolution
		Debug|Any CPU = Debug|Any CPU
		Release|Any CPU = Release|Any CPU
	EndGlobalSection
	GlobalSection(ProjectConfigurationPlatforms) = postSolution
		{A72C0FCD-E7CC-48E3-85CC-45C8098C52DE}.Debug|Any CPU.ActiveCfg = Debug|Any CPU
		{A72C0FCD-E7CC-48E3-85CC-45C8098C52DE}.Debug|Any CPU.Build.0 = Debug|Any CPU
		{A72C0FCD-E7CC-48E3-85CC-45C8098C52DE}.Release|Any CPU.ActiveCfg = Release|Any CPU
		{A72C0FCD-E7CC-48E3-85CC-45C8098C52DE}.Release|Any CPU.Build.0 = Release|Any CPU
		{9D26C422-3CA9-477F-828A-EA0ECBC71463}.Debug|Any CPU.ActiveCfg = Debug|Any CPU
		{9D26C422-3CA9-477F-828A-EA0ECBC71463}.Debug|Any CPU.Build.0 = Debug|Any CPU
		{9D26C422-3CA9-477F-828A-EA0ECBC71463}.Release|Any CPU.ActiveCfg = Release|Any CPU
		{9D26C422-3CA9-477F-828A-EA0ECBC71463}.Release|Any CPU.Build.0 = Release|Any CPU
		{EDC3AC38-44DE-41E7-A7A1-EC5AB5AF5B69}.Debug|Any CPU.ActiveCfg = Debug|Any CPU
		{EDC3AC38-44DE-41E7-A7A1-EC5AB5AF5B69}.Debug|Any CPU.Build.0 = Debug|Any CPU
		{EDC3AC38-44DE-41E7-A7A1-EC5AB5AF5B69}.Release|Any CPU.ActiveCfg = Release|Any CPU
		{EDC3AC38-44DE-41E7-A7A1-EC5AB5AF5B69}.Release|Any CPU.Build.0 = Release|Any CPU
		{2518242A-E8E7-444F-B2D3-13FAB08AA4E8}.Debug|Any CPU.ActiveCfg = Debug|Any CPU
		{2518242A-E8E7-444F-B2D3-13FAB08AA4E8}.Debug|Any CPU.Build.0 = Debug|Any CPU
		{2518242A-E8E7-444F-B2D3-13FAB08AA4E8}.Release|Any CPU.ActiveCfg = Release|Any CPU
		{2518242A-E8E7-444F-B2D3-13FAB08AA4E8}.Release|Any CPU.Build.0 = Release|Any CPU
		{8545214D-C18B-4514-A880-EE249C07CED0}.Debug|Any CPU.ActiveCfg = Debug|Any CPU
		{8545214D-C18B-4514-A880-EE249C07CED0}.Debug|Any CPU.Build.0 = Debug|Any CPU
		{8545214D-C18B-4514-A880-EE249C07CED0}.Release|Any CPU.ActiveCfg = Release|Any CPU
		{8545214D-C18B-4514-A880-EE249C07CED0}.Release|Any CPU.Build.0 = Release|Any CPU
	EndGlobalSection
	GlobalSection(SolutionProperties) = preSolution
		HideSolutionNode = FALSE
	EndGlobalSection
	GlobalSection(ExtensibilityGlobals) = postSolution
		SolutionGuid = {7C0E7477-F880-44BE-9D22-CE238943906F}
	EndGlobalSection
EndGlobal
