
Microsoft Visual Studio Solution File, Format Version 12.00
# Visual Studio Version 16
VisualStudioVersion = 16.0.28922.388
MinimumVisualStudioVersion = 10.0.40219.1
Project("{2150E333-8FDC-42A3-9474-1A3956D46DE8}") = "ServiceAPI", "ServiceAPI", "{F6BCB512-4DBC-4085-A179-D40EEDE9C259}"
EndProject
Project("{9A19103F-16F7-4668-BE54-9A1E7A4F7556}") = "TR20.Loyalty.APIService", "TR20.Loyalty.APIService\TR20.Loyalty.APIService.csproj", "{76607390-D3B1-4E6C-83C6-3A0326C7F995}"
EndProject
Project("{2150E333-8FDC-42A3-9474-1A3956D46DE8}") = "LedgerClient", "LedgerClient", "{8304C7A2-BFBF-4211-84A9-C014507AB6FF}"
EndProject
Project("{9A19103F-16F7-4668-BE54-9A1E7A4F7556}") = "LedgerClient.Lib", "TR20.Loyalty.LedgerClient\LedgerClient.Lib\LedgerClient.Lib.csproj", "{5A5184BF-E828-4F44-AF47-8D3D8A8BF3F6}"
EndProject
Project("{9A19103F-16F7-4668-BE54-9A1E7A4F7556}") = "LedgerClient.Host", "TR20.Loyalty.LedgerClient\LedgerClient.Host\LedgerClient.Host.csproj", "{95077EBB-D498-4B0D-AB35-39EDB23EB7F0}"
EndProject
Project("{9A19103F-16F7-4668-BE54-9A1E7A4F7556}") = "LedgerClient.Test", "TR20.Loyalty.LedgerClient\LedgerClient.Test\LedgerClient.Test.csproj", "{2FFF1DB8-9622-4A77-B38F-EBC1B6573275}"
EndProject
Project("{2150E333-8FDC-42A3-9474-1A3956D46DE8}") = "TxIndexer", "TxIndexer", "{A6D7BBAC-2F13-42AF-93B6-1B3653AA3A4A}"
EndProject
Project("{9A19103F-16F7-4668-BE54-9A1E7A4F7556}") = "TxIndexer.Lib", "TR20.Loyalty.TxIndexer\TxIndexer.Lib\TxIndexer.Lib.csproj", "{D5F92D29-3D17-4120-8C90-37E0BE02A08F}"
EndProject
Project("{9A19103F-16F7-4668-BE54-9A1E7A4F7556}") = "TxIndexer.Host", "TR20.Loyalty.TxIndexer\TxIndexer.Host\TxIndexer.Host.csproj", "{EA4515F8-133D-4F79-B741-3525E4FC907E}"
EndProject
Project("{9A19103F-16F7-4668-BE54-9A1E7A4F7556}") = "TxIndexer.Test", "TR20.Loyalty.TxIndexer\TxIndexer.Test\TxIndexer.Test.csproj", "{85AB6DB1-D7C6-4851-940D-22884D4DB5B1}"
EndProject
Project("{2150E333-8FDC-42A3-9474-1A3956D46DE8}") = "TxTracer", "TxTracer", "{9809E92C-5144-470F-AAE7-2C9726ECE76C}"
EndProject
Project("{9A19103F-16F7-4668-BE54-9A1E7A4F7556}") = "TxTracker.Lib", "TR20.Loyalty.TxTracker\TxTracker.Lib\TxTracker.Lib.csproj", "{FD1478CB-F18D-4B16-9375-41A14B1617E5}"
EndProject
Project("{9A19103F-16F7-4668-BE54-9A1E7A4F7556}") = "TxTracker.Host", "TR20.Loyalty.TxTracker\TxTracker.Host\TxTracker.Host.csproj", "{F15869CF-5388-44B3-AB5F-E1E2A8EA422C}"
EndProject
Project("{9A19103F-16F7-4668-BE54-9A1E7A4F7556}") = "TxTracker.Test", "TR20.Loyalty.TxTracker\TxTracker.Test\TxTracker.Test.csproj", "{8C9C1A00-E383-44C4-97EA-64E7126FDC45}"
EndProject
Project("{2150E333-8FDC-42A3-9474-1A3956D46DE8}") = "OffChain", "OffChain", "{3566D168-1441-495B-82A8-D72407336F69}"
EndProject
Project("{9A19103F-16F7-4668-BE54-9A1E7A4F7556}") = "TR20.Loyalty.OffChainRepository.Mongo", "TR20.Loyalty.OffChainRepository.Mongo\TR20.Loyalty.OffChainRepository.Mongo.csproj", "{05B22B7F-12CB-41C3-B133-7C9817A95781}"
EndProject
Project("{2150E333-8FDC-42A3-9474-1A3956D46DE8}") = "ServiceProxies", "ServiceProxies", "{A61DE2DF-B4FF-4BC8-B4C3-309E041E15D7}"
EndProject
Project("{9A19103F-16F7-4668-BE54-9A1E7A4F7556}") = "TR20.Loyalty.ServiceProxy", "TR20.Loyalty.ServiceProxy\TR20.Loyalty.ServiceProxy.csproj", "{A90D39C7-D0AC-4540-AB4D-CF2E36B22A86}"
EndProject
Project("{2150E333-8FDC-42A3-9474-1A3956D46DE8}") = "UI", "UI", "{6F7020B1-0119-4879-B65B-53B4884B2DAF}"
EndProject
Project("{FAE04EC0-301F-11D3-BF4B-00C04F79EFBC}") = "TokenManager", "TokenManager\TokenManager.csproj", "{FE96C35D-0C18-40EE-9B53-3CD6F05DF3BC}"
EndProject
Project("{FAE04EC0-301F-11D3-BF4B-00C04F79EFBC}") = "MileageTokenService", "MileageTokenService\MileageTokenService.csproj", "{160218F2-D576-42E6-84BD-5A2F7B67EDF0}"
EndProject
Project("{FAE04EC0-301F-11D3-BF4B-00C04F79EFBC}") = "TokenWallet", "TokenWallet\TokenWallet.csproj", "{B64399DD-D7C7-4791-B5C2-980A808BFA1C}"
EndProject
Project("{FAE04EC0-301F-11D3-BF4B-00C04F79EFBC}") = "ExchangeToken", "ExchangeToken\ExchangeToken.csproj", "{2AB511EE-2C5D-420D-B608-CFE457651763}"
EndProject
Global
	GlobalSection(SolutionConfigurationPlatforms) = preSolution
		Debug|Any CPU = Debug|Any CPU
		Release|Any CPU = Release|Any CPU
	EndGlobalSection
	GlobalSection(ProjectConfigurationPlatforms) = postSolution
		{76607390-D3B1-4E6C-83C6-3A0326C7F995}.Debug|Any CPU.ActiveCfg = Debug|Any CPU
		{76607390-D3B1-4E6C-83C6-3A0326C7F995}.Debug|Any CPU.Build.0 = Debug|Any CPU
		{76607390-D3B1-4E6C-83C6-3A0326C7F995}.Release|Any CPU.ActiveCfg = Release|Any CPU
		{76607390-D3B1-4E6C-83C6-3A0326C7F995}.Release|Any CPU.Build.0 = Release|Any CPU
		{5A5184BF-E828-4F44-AF47-8D3D8A8BF3F6}.Debug|Any CPU.ActiveCfg = Debug|Any CPU
		{5A5184BF-E828-4F44-AF47-8D3D8A8BF3F6}.Debug|Any CPU.Build.0 = Debug|Any CPU
		{5A5184BF-E828-4F44-AF47-8D3D8A8BF3F6}.Release|Any CPU.ActiveCfg = Release|Any CPU
		{5A5184BF-E828-4F44-AF47-8D3D8A8BF3F6}.Release|Any CPU.Build.0 = Release|Any CPU
		{95077EBB-D498-4B0D-AB35-39EDB23EB7F0}.Debug|Any CPU.ActiveCfg = Debug|Any CPU
		{95077EBB-D498-4B0D-AB35-39EDB23EB7F0}.Debug|Any CPU.Build.0 = Debug|Any CPU
		{95077EBB-D498-4B0D-AB35-39EDB23EB7F0}.Release|Any CPU.ActiveCfg = Release|Any CPU
		{95077EBB-D498-4B0D-AB35-39EDB23EB7F0}.Release|Any CPU.Build.0 = Release|Any CPU
		{2FFF1DB8-9622-4A77-B38F-EBC1B6573275}.Debug|Any CPU.ActiveCfg = Debug|Any CPU
		{2FFF1DB8-9622-4A77-B38F-EBC1B6573275}.Debug|Any CPU.Build.0 = Debug|Any CPU
		{2FFF1DB8-9622-4A77-B38F-EBC1B6573275}.Release|Any CPU.ActiveCfg = Release|Any CPU
		{2FFF1DB8-9622-4A77-B38F-EBC1B6573275}.Release|Any CPU.Build.0 = Release|Any CPU
		{D5F92D29-3D17-4120-8C90-37E0BE02A08F}.Debug|Any CPU.ActiveCfg = Debug|Any CPU
		{D5F92D29-3D17-4120-8C90-37E0BE02A08F}.Debug|Any CPU.Build.0 = Debug|Any CPU
		{D5F92D29-3D17-4120-8C90-37E0BE02A08F}.Release|Any CPU.ActiveCfg = Release|Any CPU
		{D5F92D29-3D17-4120-8C90-37E0BE02A08F}.Release|Any CPU.Build.0 = Release|Any CPU
		{EA4515F8-133D-4F79-B741-3525E4FC907E}.Debug|Any CPU.ActiveCfg = Debug|Any CPU
		{EA4515F8-133D-4F79-B741-3525E4FC907E}.Debug|Any CPU.Build.0 = Debug|Any CPU
		{EA4515F8-133D-4F79-B741-3525E4FC907E}.Release|Any CPU.ActiveCfg = Release|Any CPU
		{EA4515F8-133D-4F79-B741-3525E4FC907E}.Release|Any CPU.Build.0 = Release|Any CPU
		{85AB6DB1-D7C6-4851-940D-22884D4DB5B1}.Debug|Any CPU.ActiveCfg = Debug|Any CPU
		{85AB6DB1-D7C6-4851-940D-22884D4DB5B1}.Debug|Any CPU.Build.0 = Debug|Any CPU
		{85AB6DB1-D7C6-4851-940D-22884D4DB5B1}.Release|Any CPU.ActiveCfg = Release|Any CPU
		{85AB6DB1-D7C6-4851-940D-22884D4DB5B1}.Release|Any CPU.Build.0 = Release|Any CPU
		{FD1478CB-F18D-4B16-9375-41A14B1617E5}.Debug|Any CPU.ActiveCfg = Debug|Any CPU
		{FD1478CB-F18D-4B16-9375-41A14B1617E5}.Debug|Any CPU.Build.0 = Debug|Any CPU
		{FD1478CB-F18D-4B16-9375-41A14B1617E5}.Release|Any CPU.ActiveCfg = Release|Any CPU
		{FD1478CB-F18D-4B16-9375-41A14B1617E5}.Release|Any CPU.Build.0 = Release|Any CPU
		{F15869CF-5388-44B3-AB5F-E1E2A8EA422C}.Debug|Any CPU.ActiveCfg = Debug|Any CPU
		{F15869CF-5388-44B3-AB5F-E1E2A8EA422C}.Debug|Any CPU.Build.0 = Debug|Any CPU
		{F15869CF-5388-44B3-AB5F-E1E2A8EA422C}.Release|Any CPU.ActiveCfg = Release|Any CPU
		{F15869CF-5388-44B3-AB5F-E1E2A8EA422C}.Release|Any CPU.Build.0 = Release|Any CPU
		{8C9C1A00-E383-44C4-97EA-64E7126FDC45}.Debug|Any CPU.ActiveCfg = Debug|Any CPU
		{8C9C1A00-E383-44C4-97EA-64E7126FDC45}.Debug|Any CPU.Build.0 = Debug|Any CPU
		{8C9C1A00-E383-44C4-97EA-64E7126FDC45}.Release|Any CPU.ActiveCfg = Release|Any CPU
		{8C9C1A00-E383-44C4-97EA-64E7126FDC45}.Release|Any CPU.Build.0 = Release|Any CPU
		{05B22B7F-12CB-41C3-B133-7C9817A95781}.Debug|Any CPU.ActiveCfg = Debug|Any CPU
		{05B22B7F-12CB-41C3-B133-7C9817A95781}.Debug|Any CPU.Build.0 = Debug|Any CPU
		{05B22B7F-12CB-41C3-B133-7C9817A95781}.Release|Any CPU.ActiveCfg = Release|Any CPU
		{05B22B7F-12CB-41C3-B133-7C9817A95781}.Release|Any CPU.Build.0 = Release|Any CPU
		{A90D39C7-D0AC-4540-AB4D-CF2E36B22A86}.Debug|Any CPU.ActiveCfg = Debug|Any CPU
		{A90D39C7-D0AC-4540-AB4D-CF2E36B22A86}.Debug|Any CPU.Build.0 = Debug|Any CPU
		{A90D39C7-D0AC-4540-AB4D-CF2E36B22A86}.Release|Any CPU.ActiveCfg = Release|Any CPU
		{A90D39C7-D0AC-4540-AB4D-CF2E36B22A86}.Release|Any CPU.Build.0 = Release|Any CPU
		{FE96C35D-0C18-40EE-9B53-3CD6F05DF3BC}.Debug|Any CPU.ActiveCfg = Debug|Any CPU
		{FE96C35D-0C18-40EE-9B53-3CD6F05DF3BC}.Debug|Any CPU.Build.0 = Debug|Any CPU
		{FE96C35D-0C18-40EE-9B53-3CD6F05DF3BC}.Release|Any CPU.ActiveCfg = Release|Any CPU
		{FE96C35D-0C18-40EE-9B53-3CD6F05DF3BC}.Release|Any CPU.Build.0 = Release|Any CPU
		{160218F2-D576-42E6-84BD-5A2F7B67EDF0}.Debug|Any CPU.ActiveCfg = Debug|Any CPU
		{160218F2-D576-42E6-84BD-5A2F7B67EDF0}.Debug|Any CPU.Build.0 = Debug|Any CPU
		{160218F2-D576-42E6-84BD-5A2F7B67EDF0}.Release|Any CPU.ActiveCfg = Release|Any CPU
		{160218F2-D576-42E6-84BD-5A2F7B67EDF0}.Release|Any CPU.Build.0 = Release|Any CPU
		{B64399DD-D7C7-4791-B5C2-980A808BFA1C}.Debug|Any CPU.ActiveCfg = Debug|Any CPU
		{B64399DD-D7C7-4791-B5C2-980A808BFA1C}.Debug|Any CPU.Build.0 = Debug|Any CPU
		{B64399DD-D7C7-4791-B5C2-980A808BFA1C}.Release|Any CPU.ActiveCfg = Release|Any CPU
		{B64399DD-D7C7-4791-B5C2-980A808BFA1C}.Release|Any CPU.Build.0 = Release|Any CPU
		{2AB511EE-2C5D-420D-B608-CFE457651763}.Debug|Any CPU.ActiveCfg = Debug|Any CPU
		{2AB511EE-2C5D-420D-B608-CFE457651763}.Debug|Any CPU.Build.0 = Debug|Any CPU
		{2AB511EE-2C5D-420D-B608-CFE457651763}.Release|Any CPU.ActiveCfg = Release|Any CPU
		{2AB511EE-2C5D-420D-B608-CFE457651763}.Release|Any CPU.Build.0 = Release|Any CPU
	EndGlobalSection
	GlobalSection(SolutionProperties) = preSolution
		HideSolutionNode = FALSE
	EndGlobalSection
	GlobalSection(NestedProjects) = preSolution
		{76607390-D3B1-4E6C-83C6-3A0326C7F995} = {F6BCB512-4DBC-4085-A179-D40EEDE9C259}
		{5A5184BF-E828-4F44-AF47-8D3D8A8BF3F6} = {8304C7A2-BFBF-4211-84A9-C014507AB6FF}
		{95077EBB-D498-4B0D-AB35-39EDB23EB7F0} = {8304C7A2-BFBF-4211-84A9-C014507AB6FF}
		{2FFF1DB8-9622-4A77-B38F-EBC1B6573275} = {8304C7A2-BFBF-4211-84A9-C014507AB6FF}
		{D5F92D29-3D17-4120-8C90-37E0BE02A08F} = {A6D7BBAC-2F13-42AF-93B6-1B3653AA3A4A}
		{EA4515F8-133D-4F79-B741-3525E4FC907E} = {A6D7BBAC-2F13-42AF-93B6-1B3653AA3A4A}
		{85AB6DB1-D7C6-4851-940D-22884D4DB5B1} = {A6D7BBAC-2F13-42AF-93B6-1B3653AA3A4A}
		{FD1478CB-F18D-4B16-9375-41A14B1617E5} = {9809E92C-5144-470F-AAE7-2C9726ECE76C}
		{F15869CF-5388-44B3-AB5F-E1E2A8EA422C} = {9809E92C-5144-470F-AAE7-2C9726ECE76C}
		{8C9C1A00-E383-44C4-97EA-64E7126FDC45} = {9809E92C-5144-470F-AAE7-2C9726ECE76C}
		{05B22B7F-12CB-41C3-B133-7C9817A95781} = {3566D168-1441-495B-82A8-D72407336F69}
		{A90D39C7-D0AC-4540-AB4D-CF2E36B22A86} = {A61DE2DF-B4FF-4BC8-B4C3-309E041E15D7}
		{FE96C35D-0C18-40EE-9B53-3CD6F05DF3BC} = {6F7020B1-0119-4879-B65B-53B4884B2DAF}
		{160218F2-D576-42E6-84BD-5A2F7B67EDF0} = {6F7020B1-0119-4879-B65B-53B4884B2DAF}
		{B64399DD-D7C7-4791-B5C2-980A808BFA1C} = {6F7020B1-0119-4879-B65B-53B4884B2DAF}
		{2AB511EE-2C5D-420D-B608-CFE457651763} = {6F7020B1-0119-4879-B65B-53B4884B2DAF}
	EndGlobalSection
	GlobalSection(ExtensibilityGlobals) = postSolution
		SolutionGuid = {75120FCC-77F5-4301-827C-1763B58007BA}
	EndGlobalSection
EndGlobal
